
Microsoft Visual Studio Solution File, Format Version 12.00
# Visual Studio 15
VisualStudioVersion = 15.0.27703.2026
MinimumVisualStudioVersion = 10.0.40219.1
Project("{FAE04EC0-301F-11D3-BF4B-00C04F79EFBC}") = "SpiceStarAcademy", "SpiceStarAcademy\SpiceStarAcademy.csproj", "{1079C86A-540B-4365-92F1-B8F247DB9F1F}"
EndProject
Project("{FAE04EC0-301F-11D3-BF4B-00C04F79EFBC}") = "SJData", "SJData\SJData.csproj", "{DD84E3AD-F846-436C-9048-6DDA3E15367A}"
EndProject
Project("{FAE04EC0-301F-11D3-BF4B-00C04F79EFBC}") = "SJService", "SJService\SJService.csproj", "{B59FB5AC-CCEA-486B-B674-173DA48A696C}"
EndProject
Project("{FAE04EC0-301F-11D3-BF4B-00C04F79EFBC}") = "SJModel", "SJModel\SJModel.csproj", "{06894C89-7F7C-499F-93A8-E8E73D63D11C}"
EndProject
Project("{FAE04EC0-301F-11D3-BF4B-00C04F79EFBC}") = "WebApplicationInterface", "WebApplicationInterface\WebApplicationInterface.csproj", "{97950985-AADA-4545-94B0-CA56EC405172}"
EndProject
Global
	GlobalSection(SolutionConfigurationPlatforms) = preSolution
		Debug|Any CPU = Debug|Any CPU
		Release|Any CPU = Release|Any CPU
	EndGlobalSection
	GlobalSection(ProjectConfigurationPlatforms) = postSolution
		{1079C86A-540B-4365-92F1-B8F247DB9F1F}.Debug|Any CPU.ActiveCfg = Debug|Any CPU
		{1079C86A-540B-4365-92F1-B8F247DB9F1F}.Debug|Any CPU.Build.0 = Debug|Any CPU
		{1079C86A-540B-4365-92F1-B8F247DB9F1F}.Release|Any CPU.ActiveCfg = Release|Any CPU
		{1079C86A-540B-4365-92F1-B8F247DB9F1F}.Release|Any CPU.Build.0 = Release|Any CPU
		{DD84E3AD-F846-436C-9048-6DDA3E15367A}.Debug|Any CPU.ActiveCfg = Debug|Any CPU
		{DD84E3AD-F846-436C-9048-6DDA3E15367A}.Debug|Any CPU.Build.0 = Debug|Any CPU
		{DD84E3AD-F846-436C-9048-6DDA3E15367A}.Release|Any CPU.ActiveCfg = Release|Any CPU
		{DD84E3AD-F846-436C-9048-6DDA3E15367A}.Release|Any CPU.Build.0 = Release|Any CPU
		{B59FB5AC-CCEA-486B-B674-173DA48A696C}.Debug|Any CPU.ActiveCfg = Debug|Any CPU
		{B59FB5AC-CCEA-486B-B674-173DA48A696C}.Debug|Any CPU.Build.0 = Debug|Any CPU
		{B59FB5AC-CCEA-486B-B674-173DA48A696C}.Release|Any CPU.ActiveCfg = Release|Any CPU
		{B59FB5AC-CCEA-486B-B674-173DA48A696C}.Release|Any CPU.Build.0 = Release|Any CPU
		{06894C89-7F7C-499F-93A8-E8E73D63D11C}.Debug|Any CPU.ActiveCfg = Debug|Any CPU
		{06894C89-7F7C-499F-93A8-E8E73D63D11C}.Debug|Any CPU.Build.0 = Debug|Any CPU
		{06894C89-7F7C-499F-93A8-E8E73D63D11C}.Release|Any CPU.ActiveCfg = Release|Any CPU
		{06894C89-7F7C-499F-93A8-E8E73D63D11C}.Release|Any CPU.Build.0 = Release|Any CPU
		{97950985-AADA-4545-94B0-CA56EC405172}.Debug|Any CPU.ActiveCfg = Debug|Any CPU
		{97950985-AADA-4545-94B0-CA56EC405172}.Debug|Any CPU.Build.0 = Debug|Any CPU
		{97950985-AADA-4545-94B0-CA56EC405172}.Release|Any CPU.ActiveCfg = Release|Any CPU
		{97950985-AADA-4545-94B0-CA56EC405172}.Release|Any CPU.Build.0 = Release|Any CPU
	EndGlobalSection
	GlobalSection(SolutionProperties) = preSolution
		HideSolutionNode = FALSE
	EndGlobalSection
	GlobalSection(ExtensibilityGlobals) = postSolution
		SolutionGuid = {4C9FFFDB-2219-453B-B173-9EFBF9BD155E}
	EndGlobalSection
EndGlobal
